
Microsoft Visual Studio Solution File, Format Version 12.00
# Visual Studio 14
VisualStudioVersion = 14.0.25123.0
MinimumVisualStudioVersion = 10.0.40219.1
Project("{FAE04EC0-301F-11D3-BF4B-00C04F79EFBC}") = "TTCDictionary", "TTCDictionary\TTCDictionary.csproj", "{45DE62D3-3E1C-4F7F-BC65-4AD2A54C9C07}"
EndProject
Project("{FAE04EC0-301F-11D3-BF4B-00C04F79EFBC}") = "TTCDictionary.UnitTests", "TTCDictionary.UnitTests\TTCDictionary.UnitTests.csproj", "{06CB3582-4A5B-480C-9926-9A9AD1E24B4F}"
EndProject
Global
	GlobalSection(SolutionConfigurationPlatforms) = preSolution
		Debug|Any CPU = Debug|Any CPU
		Release|Any CPU = Release|Any CPU
	EndGlobalSection
	GlobalSection(ProjectConfigurationPlatforms) = postSolution
		{45DE62D3-3E1C-4F7F-BC65-4AD2A54C9C07}.Debug|Any CPU.ActiveCfg = Debug|Any CPU
		{45DE62D3-3E1C-4F7F-BC65-4AD2A54C9C07}.Debug|Any CPU.Build.0 = Debug|Any CPU
		{45DE62D3-3E1C-4F7F-BC65-4AD2A54C9C07}.Release|Any CPU.ActiveCfg = Release|Any CPU
		{45DE62D3-3E1C-4F7F-BC65-4AD2A54C9C07}.Release|Any CPU.Build.0 = Release|Any CPU
		{06CB3582-4A5B-480C-9926-9A9AD1E24B4F}.Debug|Any CPU.ActiveCfg = Debug|Any CPU
		{06CB3582-4A5B-480C-9926-9A9AD1E24B4F}.Debug|Any CPU.Build.0 = Debug|Any CPU
		{06CB3582-4A5B-480C-9926-9A9AD1E24B4F}.Release|Any CPU.ActiveCfg = Release|Any CPU
		{06CB3582-4A5B-480C-9926-9A9AD1E24B4F}.Release|Any CPU.Build.0 = Release|Any CPU
	EndGlobalSection
	GlobalSection(SolutionProperties) = preSolution
		HideSolutionNode = FALSE
	EndGlobalSection
EndGlobal
